
Microsoft Visual Studio Solution File, Format Version 12.00
# Visual Studio Version 16
VisualStudioVersion = 16.0.33927.289
MinimumVisualStudioVersion = 10.0.40219.1
Project("{2150E333-8FDC-42A3-9474-1A3956D46DE8}") = "Task0", "Task0", "{2BAC5AF0-4BD9-4C60-9488-F67B6E622C09}"
EndProject
Project("{FAE04EC0-301F-11D3-BF4B-00C04F79EFBC}") = "Tyuiu.GorovenkoGV.Sprint1.Task0.V3", "Tyuiu.GorovenkoGV.Sprint1.Task0.V3\Tyuiu.GorovenkoGV.Sprint1.Task0.V3.csproj", "{60D7A8CA-89AB-432C-BD3C-7A71DBF17F5D}"
EndProject
Project("{FAE04EC0-301F-11D3-BF4B-00C04F79EFBC}") = "Tyuiu.GorovenkoGV.Sprint1.Task0.V3.Lib", "Tyuiu.GorovenkoGV.Sprint1.Task0.V3.Lib\Tyuiu.GorovenkoGV.Sprint1.Task0.V3.Lib.csproj", "{A1A65DA8-144C-4CA6-B11F-94569E763D77}"
EndProject
Project("{FAE04EC0-301F-11D3-BF4B-00C04F79EFBC}") = "Tyuiu.GorovenkoGV.Sprint1.Task0.V3.Test", "Tyuiu.GorovenkoGV.Sprint1.Task0.V3.Test\Tyuiu.GorovenkoGV.Sprint1.Task0.V3.Test.csproj", "{A0ECD46B-4353-4525-AFC0-96EC719611A8}"
EndProject
Project("{2150E333-8FDC-42A3-9474-1A3956D46DE8}") = "Task1", "Task1", "{3E355E60-ED15-4F7B-A485-76A2E3837A12}"
EndProject
Project("{FAE04EC0-301F-11D3-BF4B-00C04F79EFBC}") = "Tyuiu.GorovenkoGV.Sprint1.Task1.V13.Lib", "Tyuiu.GorovenkoGV.Sprint1.Task1.V13.Lib\Tyuiu.GorovenkoGV.Sprint1.Task1.V13.Lib.csproj", "{F6BDF450-6996-47EC-8803-C25A55BBF0B7}"
EndProject
Project("{FAE04EC0-301F-11D3-BF4B-00C04F79EFBC}") = "Tyuiu.GorovenkoGV.Sprint1.Task1.V13.Test", "Tyuiu.GorovenkoGV.Sprint1.Task1.V13.Test\Tyuiu.GorovenkoGV.Sprint1.Task1.V13.Test.csproj", "{DB5002F5-B3DA-4872-98E1-2AD0359A541B}"
EndProject
Project("{FAE04EC0-301F-11D3-BF4B-00C04F79EFBC}") = "Tyuiu.GorovenkoGV.Sprint1.Task1.V13", "Tyuiu.GorovenkoGV.Sprint1.Task1.V13\Tyuiu.GorovenkoGV.Sprint1.Task1.V13.csproj", "{FB8039BE-7EEE-4083-AD15-7DB083C0FFF4}"
EndProject
Project("{2150E333-8FDC-42A3-9474-1A3956D46DE8}") = "Task2", "Task2", "{B803D640-5961-4F40-92C0-BE33107640A2}"
EndProject
Project("{FAE04EC0-301F-11D3-BF4B-00C04F79EFBC}") = "Tyuiu.GorovenkoGV.Sprint1.Task2.V7.Lib", "Tyuiu.GorovenkoGV.Sprint1.Task2.V7.Lib\Tyuiu.GorovenkoGV.Sprint1.Task2.V7.Lib.csproj", "{CA5255C6-8B52-4331-AD30-F7CAB45E4BEB}"
EndProject
Project("{FAE04EC0-301F-11D3-BF4B-00C04F79EFBC}") = "Tyuiu.GorovenkoGV.Sprint1.Task2.V7.Test", "Tyuiu.GorovenkoGV.Sprint1.Task2.V7.Test\Tyuiu.GorovenkoGV.Sprint1.Task2.V7.Test.csproj", "{FF529482-114D-4D1D-9701-57B5D8847543}"
EndProject
Project("{FAE04EC0-301F-11D3-BF4B-00C04F79EFBC}") = "Tyuiu.GorovenkoGV.Sprint1.Task2.V7", "Tyuiu.GorovenkoGV.Sprint1.Task2.V7\Tyuiu.GorovenkoGV.Sprint1.Task2.V7.csproj", "{9CE4C673-F65F-4079-9219-3DA2F8FBA265}"
EndProject
Project("{2150E333-8FDC-42A3-9474-1A3956D46DE8}") = "Task3", "Task3", "{C557BE43-BA67-4C92-A44A-72674B00848C}"
EndProject
Project("{FAE04EC0-301F-11D3-BF4B-00C04F79EFBC}") = "Tyuiu.GorovenkoGV.Sprint1.Task3.V3", "Tyuiu.GorovenkoGV.Sprint1.Task3.V3\Tyuiu.GorovenkoGV.Sprint1.Task3.V3.csproj", "{B1E3165D-CC7D-4801-9835-961A371B4FFE}"
EndProject
Project("{FAE04EC0-301F-11D3-BF4B-00C04F79EFBC}") = "Tyuiu.GorovenkoGV.Sprint1.Task3.V3.Lib", "Tyuiu.GorovenkoGV.Sprint1.Task3.V3.Lib\Tyuiu.GorovenkoGV.Sprint1.Task3.V3.Lib.csproj", "{180DECCB-B8F0-4A5D-85E1-D75CFA389521}"
EndProject
Project("{FAE04EC0-301F-11D3-BF4B-00C04F79EFBC}") = "Tyuiu.GorovenkoGV.Sprint1.Task3.V3.Test", "Tyuiu.GorovenkoGV.Sprint1.Task3.V3.Test\Tyuiu.GorovenkoGV.Sprint1.Task3.V3.Test.csproj", "{D9E25257-8852-494C-B3E7-8F1C269846B6}"
EndProject
Project("{2150E333-8FDC-42A3-9474-1A3956D46DE8}") = "Task4", "Task4", "{25D53D89-8DFF-427F-8246-017BF2BD9B7E}"
EndProject
Project("{FAE04EC0-301F-11D3-BF4B-00C04F79EFBC}") = "Tyuiu.GorovenkoGV.Sprint1.Task4.V10", "Tyuiu.GorovenkoGV.Sprint1.Task4.V10\Tyuiu.GorovenkoGV.Sprint1.Task4.V10.csproj", "{A80186E4-A4F3-40E3-A67E-251F00D4A524}"
EndProject
Project("{FAE04EC0-301F-11D3-BF4B-00C04F79EFBC}") = "Tyuiu.GorovenkoGV.Sprint1.Task4.V10.Lib", "Tyuiu.GorovenkoGV.Sprint1.Task4.V10.Lib\Tyuiu.GorovenkoGV.Sprint1.Task4.V10.Lib.csproj", "{FF0BB0E5-6BD4-451D-8739-875727136283}"
EndProject
Project("{FAE04EC0-301F-11D3-BF4B-00C04F79EFBC}") = "Tyuiu.GorovenkoGV.Sprint1.Task4.V10.Test", "Tyuiu.GorovenkoGV.Sprint1.Task4.V10.Test\Tyuiu.GorovenkoGV.Sprint1.Task4.V10.Test.csproj", "{6AD90520-E289-46BC-B9EF-B56782718EBD}"
EndProject
Project("{2150E333-8FDC-42A3-9474-1A3956D46DE8}") = "Task5", "Task5", "{01025A16-0738-44F0-969D-9208FEEF5F57}"
EndProject
Project("{FAE04EC0-301F-11D3-BF4B-00C04F79EFBC}") = "Tyuiu.GorovenkoGV.Sprint1.Task5.V4", "Tyuiu.GorovenkoGV.Sprint1.Task5.V4\Tyuiu.GorovenkoGV.Sprint1.Task5.V4.csproj", "{012A8C3E-6887-4EB5-B576-1F25E5991681}"
EndProject
Project("{FAE04EC0-301F-11D3-BF4B-00C04F79EFBC}") = "Tyuiu.GorovenkoGV.Sprint1.Task5.V4.Lib", "Tyuiu.GorovenkoGV.Sprint1.Task5.V4.Lib\Tyuiu.GorovenkoGV.Sprint1.Task5.V4.Lib.csproj", "{420DEF5A-672C-43DC-9328-B6CACD2D293F}"
EndProject
Project("{FAE04EC0-301F-11D3-BF4B-00C04F79EFBC}") = "Tyuiu.GorovenkoGV.Sprint1.Task5.V4.Test", "Tyuiu.GorovenkoGV.Sprint1.Task5.V4.Test\Tyuiu.GorovenkoGV.Sprint1.Task5.V4.Test.csproj", "{E6BF7E1A-0CD1-4DA8-8D24-123A10B89322}"
EndProject
Project("{2150E333-8FDC-42A3-9474-1A3956D46DE8}") = "Task6", "Task6", "{2EE2A545-8593-41C8-911D-C66109162CAA}"
EndProject
Project("{FAE04EC0-301F-11D3-BF4B-00C04F79EFBC}") = "Tyuiu.GorovenkoGV.Sprint1.Task6.V4", "Tyuiu.GorovenkoGV.Sprint1.Task6.V4\Tyuiu.GorovenkoGV.Sprint1.Task6.V4.csproj", "{2023D14A-E927-43E7-8F73-70EFB1E1F0A9}"
EndProject
Project("{FAE04EC0-301F-11D3-BF4B-00C04F79EFBC}") = "Tyuiu.GorovenkoGV.Sprint1.Task6.V4.Lib", "Tyuiu.GorovenkoGV.Sprint1.Task6.V4.Lib\Tyuiu.GorovenkoGV.Sprint1.Task6.V4.Lib.csproj", "{5D9B89DE-D1D7-4D01-90D0-71F4C2E030CC}"
EndProject
Project("{FAE04EC0-301F-11D3-BF4B-00C04F79EFBC}") = "Tyuiu.GorovenkoGV.Sprint1.Task6.V4.Test", "Tyuiu.GorovenkoGV.Sprint1.Task6.V4.Test\Tyuiu.GorovenkoGV.Sprint1.Task6.V4.Test.csproj", "{BE7E6564-F5D4-49FB-A295-18E0CEFC8FA1}"
EndProject
Project("{2150E333-8FDC-42A3-9474-1A3956D46DE8}") = "Task7", "Task7", "{9D9DAD9A-B49E-41CD-AB9A-2DD7672EF3A6}"
EndProject
Project("{FAE04EC0-301F-11D3-BF4B-00C04F79EFBC}") = "Tyuiu.GorovenkoGV.Sprint1.Task7.V28", "Tyuiu.GorovenkoGV.Sprint1.Task7.V28\Tyuiu.GorovenkoGV.Sprint1.Task7.V28.csproj", "{6754B80E-73AA-420F-8AF2-B3BA513F8A2A}"
EndProject
Project("{FAE04EC0-301F-11D3-BF4B-00C04F79EFBC}") = "Tyuiu.GorovenkoGV.Sprint1.Task7.V28.Lib", "Tyuiu.GorovenkoGV.Sprint1.Task7.V28.Lib\Tyuiu.GorovenkoGV.Sprint1.Task7.V28.Lib.csproj", "{A2CC3BEA-B0F1-40B4-8451-F6B641B1AD35}"
EndProject
Project("{FAE04EC0-301F-11D3-BF4B-00C04F79EFBC}") = "Tyuiu.GorovenkoGV.Sprint1.Task7.V28.Test", "Tyuiu.GorovenkoGV.Sprint1.Task7.V28.Test\Tyuiu.GorovenkoGV.Sprint1.Task7.V28.Test.csproj", "{A7055253-8CAA-4609-B7F9-FDA87D05DCB7}"
EndProject
Global
	GlobalSection(SolutionConfigurationPlatforms) = preSolution
		Debug|Any CPU = Debug|Any CPU
		Release|Any CPU = Release|Any CPU
	EndGlobalSection
	GlobalSection(ProjectConfigurationPlatforms) = postSolution
		{60D7A8CA-89AB-432C-BD3C-7A71DBF17F5D}.Debug|Any CPU.ActiveCfg = Debug|Any CPU
		{60D7A8CA-89AB-432C-BD3C-7A71DBF17F5D}.Debug|Any CPU.Build.0 = Debug|Any CPU
		{60D7A8CA-89AB-432C-BD3C-7A71DBF17F5D}.Release|Any CPU.ActiveCfg = Release|Any CPU
		{60D7A8CA-89AB-432C-BD3C-7A71DBF17F5D}.Release|Any CPU.Build.0 = Release|Any CPU
		{A1A65DA8-144C-4CA6-B11F-94569E763D77}.Debug|Any CPU.ActiveCfg = Debug|Any CPU
		{A1A65DA8-144C-4CA6-B11F-94569E763D77}.Debug|Any CPU.Build.0 = Debug|Any CPU
		{A1A65DA8-144C-4CA6-B11F-94569E763D77}.Release|Any CPU.ActiveCfg = Release|Any CPU
		{A1A65DA8-144C-4CA6-B11F-94569E763D77}.Release|Any CPU.Build.0 = Release|Any CPU
		{A0ECD46B-4353-4525-AFC0-96EC719611A8}.Debug|Any CPU.ActiveCfg = Debug|Any CPU
		{A0ECD46B-4353-4525-AFC0-96EC719611A8}.Debug|Any CPU.Build.0 = Debug|Any CPU
		{A0ECD46B-4353-4525-AFC0-96EC719611A8}.Release|Any CPU.ActiveCfg = Release|Any CPU
		{A0ECD46B-4353-4525-AFC0-96EC719611A8}.Release|Any CPU.Build.0 = Release|Any CPU
		{F6BDF450-6996-47EC-8803-C25A55BBF0B7}.Debug|Any CPU.ActiveCfg = Debug|Any CPU
		{F6BDF450-6996-47EC-8803-C25A55BBF0B7}.Debug|Any CPU.Build.0 = Debug|Any CPU
		{F6BDF450-6996-47EC-8803-C25A55BBF0B7}.Release|Any CPU.ActiveCfg = Release|Any CPU
		{F6BDF450-6996-47EC-8803-C25A55BBF0B7}.Release|Any CPU.Build.0 = Release|Any CPU
		{DB5002F5-B3DA-4872-98E1-2AD0359A541B}.Debug|Any CPU.ActiveCfg = Debug|Any CPU
		{DB5002F5-B3DA-4872-98E1-2AD0359A541B}.Debug|Any CPU.Build.0 = Debug|Any CPU
		{DB5002F5-B3DA-4872-98E1-2AD0359A541B}.Release|Any CPU.ActiveCfg = Release|Any CPU
		{DB5002F5-B3DA-4872-98E1-2AD0359A541B}.Release|Any CPU.Build.0 = Release|Any CPU
		{FB8039BE-7EEE-4083-AD15-7DB083C0FFF4}.Debug|Any CPU.ActiveCfg = Debug|Any CPU
		{FB8039BE-7EEE-4083-AD15-7DB083C0FFF4}.Debug|Any CPU.Build.0 = Debug|Any CPU
		{FB8039BE-7EEE-4083-AD15-7DB083C0FFF4}.Release|Any CPU.ActiveCfg = Release|Any CPU
		{FB8039BE-7EEE-4083-AD15-7DB083C0FFF4}.Release|Any CPU.Build.0 = Release|Any CPU
		{CA5255C6-8B52-4331-AD30-F7CAB45E4BEB}.Debug|Any CPU.ActiveCfg = Debug|Any CPU
		{CA5255C6-8B52-4331-AD30-F7CAB45E4BEB}.Debug|Any CPU.Build.0 = Debug|Any CPU
		{CA5255C6-8B52-4331-AD30-F7CAB45E4BEB}.Release|Any CPU.ActiveCfg = Release|Any CPU
		{CA5255C6-8B52-4331-AD30-F7CAB45E4BEB}.Release|Any CPU.Build.0 = Release|Any CPU
		{FF529482-114D-4D1D-9701-57B5D8847543}.Debug|Any CPU.ActiveCfg = Debug|Any CPU
		{FF529482-114D-4D1D-9701-57B5D8847543}.Debug|Any CPU.Build.0 = Debug|Any CPU
		{FF529482-114D-4D1D-9701-57B5D8847543}.Release|Any CPU.ActiveCfg = Release|Any CPU
		{FF529482-114D-4D1D-9701-57B5D8847543}.Release|Any CPU.Build.0 = Release|Any CPU
		{9CE4C673-F65F-4079-9219-3DA2F8FBA265}.Debug|Any CPU.ActiveCfg = Debug|Any CPU
		{9CE4C673-F65F-4079-9219-3DA2F8FBA265}.Debug|Any CPU.Build.0 = Debug|Any CPU
		{9CE4C673-F65F-4079-9219-3DA2F8FBA265}.Release|Any CPU.ActiveCfg = Release|Any CPU
		{9CE4C673-F65F-4079-9219-3DA2F8FBA265}.Release|Any CPU.Build.0 = Release|Any CPU
		{B1E3165D-CC7D-4801-9835-961A371B4FFE}.Debug|Any CPU.ActiveCfg = Debug|Any CPU
		{B1E3165D-CC7D-4801-9835-961A371B4FFE}.Debug|Any CPU.Build.0 = Debug|Any CPU
		{B1E3165D-CC7D-4801-9835-961A371B4FFE}.Release|Any CPU.ActiveCfg = Release|Any CPU
		{B1E3165D-CC7D-4801-9835-961A371B4FFE}.Release|Any CPU.Build.0 = Release|Any CPU
		{180DECCB-B8F0-4A5D-85E1-D75CFA389521}.Debug|Any CPU.ActiveCfg = Debug|Any CPU
		{180DECCB-B8F0-4A5D-85E1-D75CFA389521}.Debug|Any CPU.Build.0 = Debug|Any CPU
		{180DECCB-B8F0-4A5D-85E1-D75CFA389521}.Release|Any CPU.ActiveCfg = Release|Any CPU
		{180DECCB-B8F0-4A5D-85E1-D75CFA389521}.Release|Any CPU.Build.0 = Release|Any CPU
		{D9E25257-8852-494C-B3E7-8F1C269846B6}.Debug|Any CPU.ActiveCfg = Debug|Any CPU
		{D9E25257-8852-494C-B3E7-8F1C269846B6}.Debug|Any CPU.Build.0 = Debug|Any CPU
		{D9E25257-8852-494C-B3E7-8F1C269846B6}.Release|Any CPU.ActiveCfg = Release|Any CPU
		{D9E25257-8852-494C-B3E7-8F1C269846B6}.Release|Any CPU.Build.0 = Release|Any CPU
		{A80186E4-A4F3-40E3-A67E-251F00D4A524}.Debug|Any CPU.ActiveCfg = Debug|Any CPU
		{A80186E4-A4F3-40E3-A67E-251F00D4A524}.Debug|Any CPU.Build.0 = Debug|Any CPU
		{A80186E4-A4F3-40E3-A67E-251F00D4A524}.Release|Any CPU.ActiveCfg = Release|Any CPU
		{A80186E4-A4F3-40E3-A67E-251F00D4A524}.Release|Any CPU.Build.0 = Release|Any CPU
		{FF0BB0E5-6BD4-451D-8739-875727136283}.Debug|Any CPU.ActiveCfg = Debug|Any CPU
		{FF0BB0E5-6BD4-451D-8739-875727136283}.Debug|Any CPU.Build.0 = Debug|Any CPU
		{FF0BB0E5-6BD4-451D-8739-875727136283}.Release|Any CPU.ActiveCfg = Release|Any CPU
		{FF0BB0E5-6BD4-451D-8739-875727136283}.Release|Any CPU.Build.0 = Release|Any CPU
		{6AD90520-E289-46BC-B9EF-B56782718EBD}.Debug|Any CPU.ActiveCfg = Debug|Any CPU
		{6AD90520-E289-46BC-B9EF-B56782718EBD}.Debug|Any CPU.Build.0 = Debug|Any CPU
		{6AD90520-E289-46BC-B9EF-B56782718EBD}.Release|Any CPU.ActiveCfg = Release|Any CPU
		{6AD90520-E289-46BC-B9EF-B56782718EBD}.Release|Any CPU.Build.0 = Release|Any CPU
		{012A8C3E-6887-4EB5-B576-1F25E5991681}.Debug|Any CPU.ActiveCfg = Debug|Any CPU
		{012A8C3E-6887-4EB5-B576-1F25E5991681}.Debug|Any CPU.Build.0 = Debug|Any CPU
		{012A8C3E-6887-4EB5-B576-1F25E5991681}.Release|Any CPU.ActiveCfg = Release|Any CPU
		{012A8C3E-6887-4EB5-B576-1F25E5991681}.Release|Any CPU.Build.0 = Release|Any CPU
		{420DEF5A-672C-43DC-9328-B6CACD2D293F}.Debug|Any CPU.ActiveCfg = Debug|Any CPU
		{420DEF5A-672C-43DC-9328-B6CACD2D293F}.Debug|Any CPU.Build.0 = Debug|Any CPU
		{420DEF5A-672C-43DC-9328-B6CACD2D293F}.Release|Any CPU.ActiveCfg = Release|Any CPU
		{420DEF5A-672C-43DC-9328-B6CACD2D293F}.Release|Any CPU.Build.0 = Release|Any CPU
		{E6BF7E1A-0CD1-4DA8-8D24-123A10B89322}.Debug|Any CPU.ActiveCfg = Debug|Any CPU
		{E6BF7E1A-0CD1-4DA8-8D24-123A10B89322}.Debug|Any CPU.Build.0 = Debug|Any CPU
		{E6BF7E1A-0CD1-4DA8-8D24-123A10B89322}.Release|Any CPU.ActiveCfg = Release|Any CPU
		{E6BF7E1A-0CD1-4DA8-8D24-123A10B89322}.Release|Any CPU.Build.0 = Release|Any CPU
		{2023D14A-E927-43E7-8F73-70EFB1E1F0A9}.Debug|Any CPU.ActiveCfg = Debug|Any CPU
		{2023D14A-E927-43E7-8F73-70EFB1E1F0A9}.Debug|Any CPU.Build.0 = Debug|Any CPU
		{2023D14A-E927-43E7-8F73-70EFB1E1F0A9}.Release|Any CPU.ActiveCfg = Release|Any CPU
		{2023D14A-E927-43E7-8F73-70EFB1E1F0A9}.Release|Any CPU.Build.0 = Release|Any CPU
		{5D9B89DE-D1D7-4D01-90D0-71F4C2E030CC}.Debug|Any CPU.ActiveCfg = Debug|Any CPU
		{5D9B89DE-D1D7-4D01-90D0-71F4C2E030CC}.Debug|Any CPU.Build.0 = Debug|Any CPU
		{5D9B89DE-D1D7-4D01-90D0-71F4C2E030CC}.Release|Any CPU.ActiveCfg = Release|Any CPU
		{5D9B89DE-D1D7-4D01-90D0-71F4C2E030CC}.Release|Any CPU.Build.0 = Release|Any CPU
		{BE7E6564-F5D4-49FB-A295-18E0CEFC8FA1}.Debug|Any CPU.ActiveCfg = Debug|Any CPU
		{BE7E6564-F5D4-49FB-A295-18E0CEFC8FA1}.Debug|Any CPU.Build.0 = Debug|Any CPU
		{BE7E6564-F5D4-49FB-A295-18E0CEFC8FA1}.Release|Any CPU.ActiveCfg = Release|Any CPU
		{BE7E6564-F5D4-49FB-A295-18E0CEFC8FA1}.Release|Any CPU.Build.0 = Release|Any CPU
		{6754B80E-73AA-420F-8AF2-B3BA513F8A2A}.Debug|Any CPU.ActiveCfg = Debug|Any CPU
		{6754B80E-73AA-420F-8AF2-B3BA513F8A2A}.Debug|Any CPU.Build.0 = Debug|Any CPU
		{6754B80E-73AA-420F-8AF2-B3BA513F8A2A}.Release|Any CPU.ActiveCfg = Release|Any CPU
		{6754B80E-73AA-420F-8AF2-B3BA513F8A2A}.Release|Any CPU.Build.0 = Release|Any CPU
		{A2CC3BEA-B0F1-40B4-8451-F6B641B1AD35}.Debug|Any CPU.ActiveCfg = Debug|Any CPU
		{A2CC3BEA-B0F1-40B4-8451-F6B641B1AD35}.Debug|Any CPU.Build.0 = Debug|Any CPU
		{A2CC3BEA-B0F1-40B4-8451-F6B641B1AD35}.Release|Any CPU.ActiveCfg = Release|Any CPU
		{A2CC3BEA-B0F1-40B4-8451-F6B641B1AD35}.Release|Any CPU.Build.0 = Release|Any CPU
		{A7055253-8CAA-4609-B7F9-FDA87D05DCB7}.Debug|Any CPU.ActiveCfg = Debug|Any CPU
		{A7055253-8CAA-4609-B7F9-FDA87D05DCB7}.Debug|Any CPU.Build.0 = Debug|Any CPU
		{A7055253-8CAA-4609-B7F9-FDA87D05DCB7}.Release|Any CPU.ActiveCfg = Release|Any CPU
		{A7055253-8CAA-4609-B7F9-FDA87D05DCB7}.Release|Any CPU.Build.0 = Release|Any CPU
	EndGlobalSection
	GlobalSection(SolutionProperties) = preSolution
		HideSolutionNode = FALSE
	EndGlobalSection
	GlobalSection(NestedProjects) = preSolution
		{60D7A8CA-89AB-432C-BD3C-7A71DBF17F5D} = {2BAC5AF0-4BD9-4C60-9488-F67B6E622C09}
		{A1A65DA8-144C-4CA6-B11F-94569E763D77} = {2BAC5AF0-4BD9-4C60-9488-F67B6E622C09}
		{A0ECD46B-4353-4525-AFC0-96EC719611A8} = {2BAC5AF0-4BD9-4C60-9488-F67B6E622C09}
		{F6BDF450-6996-47EC-8803-C25A55BBF0B7} = {3E355E60-ED15-4F7B-A485-76A2E3837A12}
		{DB5002F5-B3DA-4872-98E1-2AD0359A541B} = {3E355E60-ED15-4F7B-A485-76A2E3837A12}
		{FB8039BE-7EEE-4083-AD15-7DB083C0FFF4} = {3E355E60-ED15-4F7B-A485-76A2E3837A12}
		{CA5255C6-8B52-4331-AD30-F7CAB45E4BEB} = {B803D640-5961-4F40-92C0-BE33107640A2}
		{FF529482-114D-4D1D-9701-57B5D8847543} = {B803D640-5961-4F40-92C0-BE33107640A2}
		{9CE4C673-F65F-4079-9219-3DA2F8FBA265} = {B803D640-5961-4F40-92C0-BE33107640A2}
		{B1E3165D-CC7D-4801-9835-961A371B4FFE} = {C557BE43-BA67-4C92-A44A-72674B00848C}
		{180DECCB-B8F0-4A5D-85E1-D75CFA389521} = {C557BE43-BA67-4C92-A44A-72674B00848C}
		{D9E25257-8852-494C-B3E7-8F1C269846B6} = {C557BE43-BA67-4C92-A44A-72674B00848C}
		{A80186E4-A4F3-40E3-A67E-251F00D4A524} = {25D53D89-8DFF-427F-8246-017BF2BD9B7E}
		{FF0BB0E5-6BD4-451D-8739-875727136283} = {25D53D89-8DFF-427F-8246-017BF2BD9B7E}
		{6AD90520-E289-46BC-B9EF-B56782718EBD} = {25D53D89-8DFF-427F-8246-017BF2BD9B7E}
		{012A8C3E-6887-4EB5-B576-1F25E5991681} = {01025A16-0738-44F0-969D-9208FEEF5F57}
		{420DEF5A-672C-43DC-9328-B6CACD2D293F} = {01025A16-0738-44F0-969D-9208FEEF5F57}
		{E6BF7E1A-0CD1-4DA8-8D24-123A10B89322} = {01025A16-0738-44F0-969D-9208FEEF5F57}
		{2023D14A-E927-43E7-8F73-70EFB1E1F0A9} = {2EE2A545-8593-41C8-911D-C66109162CAA}
		{5D9B89DE-D1D7-4D01-90D0-71F4C2E030CC} = {2EE2A545-8593-41C8-911D-C66109162CAA}
		{BE7E6564-F5D4-49FB-A295-18E0CEFC8FA1} = {2EE2A545-8593-41C8-911D-C66109162CAA}
		{6754B80E-73AA-420F-8AF2-B3BA513F8A2A} = {9D9DAD9A-B49E-41CD-AB9A-2DD7672EF3A6}
		{A2CC3BEA-B0F1-40B4-8451-F6B641B1AD35} = {9D9DAD9A-B49E-41CD-AB9A-2DD7672EF3A6}
		{A7055253-8CAA-4609-B7F9-FDA87D05DCB7} = {9D9DAD9A-B49E-41CD-AB9A-2DD7672EF3A6}
	EndGlobalSection
	GlobalSection(ExtensibilityGlobals) = postSolution
		SolutionGuid = {FD8FC35C-7EE9-49E1-9ADE-0C36B88D7253}
	EndGlobalSection
EndGlobal
